
Microsoft Visual Studio Solution File, Format Version 12.00
# Visual Studio Version 17
VisualStudioVersion = 17.8.34330.188
MinimumVisualStudioVersion = 10.0.40219.1
Project("{FAE04EC0-301F-11D3-BF4B-00C04F79EFBC}") = "clase01022023", "clase01022023\clase01022023.csproj", "{CD4BF187-1667-49BB-BDB7-9FACA1FA1301}"
EndProject
Project("{FAE04EC0-301F-11D3-BF4B-00C04F79EFBC}") = "FrmEjemplo", "FrmEjemplo\FrmEjemplo.csproj", "{52A23AAA-2548-401A-9E2D-101ED5C9D36A}"
EndProject
Global
	GlobalSection(SolutionConfigurationPlatforms) = preSolution
		Debug|Any CPU = Debug|Any CPU
		Release|Any CPU = Release|Any CPU
	EndGlobalSection
	GlobalSection(ProjectConfigurationPlatforms) = postSolution
		{CD4BF187-1667-49BB-BDB7-9FACA1FA1301}.Debug|Any CPU.ActiveCfg = Debug|Any CPU
		{CD4BF187-1667-49BB-BDB7-9FACA1FA1301}.Debug|Any CPU.Build.0 = Debug|Any CPU
		{CD4BF187-1667-49BB-BDB7-9FACA1FA1301}.Release|Any CPU.ActiveCfg = Release|Any CPU
		{CD4BF187-1667-49BB-BDB7-9FACA1FA1301}.Release|Any CPU.Build.0 = Release|Any CPU
		{52A23AAA-2548-401A-9E2D-101ED5C9D36A}.Debug|Any CPU.ActiveCfg = Debug|Any CPU
		{52A23AAA-2548-401A-9E2D-101ED5C9D36A}.Debug|Any CPU.Build.0 = Debug|Any CPU
		{52A23AAA-2548-401A-9E2D-101ED5C9D36A}.Release|Any CPU.ActiveCfg = Release|Any CPU
		{52A23AAA-2548-401A-9E2D-101ED5C9D36A}.Release|Any CPU.Build.0 = Release|Any CPU
	EndGlobalSection
	GlobalSection(SolutionProperties) = preSolution
		HideSolutionNode = FALSE
	EndGlobalSection
	GlobalSection(ExtensibilityGlobals) = postSolution
		SolutionGuid = {40FD4C31-61D2-4EC5-8AB1-D007918F99CA}
	EndGlobalSection
EndGlobal
