
Microsoft Visual Studio Solution File, Format Version 12.00
# Visual Studio Version 17
VisualStudioVersion = 17.8.34330.188
MinimumVisualStudioVersion = 10.0.40219.1
Project("{FAE04EC0-301F-11D3-BF4B-00C04F79EFBC}") = "Clase12-Abm-Entity", "Clase12-Abm-Entity\Clase12-Abm-Entity.csproj", "{D387213E-2F95-49A1-AD94-9B468861ACDA}"
EndProject
Global
	GlobalSection(SolutionConfigurationPlatforms) = preSolution
		Debug|Any CPU = Debug|Any CPU
		Release|Any CPU = Release|Any CPU
	EndGlobalSection
	GlobalSection(ProjectConfigurationPlatforms) = postSolution
		{D387213E-2F95-49A1-AD94-9B468861ACDA}.Debug|Any CPU.ActiveCfg = Debug|Any CPU
		{D387213E-2F95-49A1-AD94-9B468861ACDA}.Debug|Any CPU.Build.0 = Debug|Any CPU
		{D387213E-2F95-49A1-AD94-9B468861ACDA}.Release|Any CPU.ActiveCfg = Release|Any CPU
		{D387213E-2F95-49A1-AD94-9B468861ACDA}.Release|Any CPU.Build.0 = Release|Any CPU
	EndGlobalSection
	GlobalSection(SolutionProperties) = preSolution
		HideSolutionNode = FALSE
	EndGlobalSection
	GlobalSection(ExtensibilityGlobals) = postSolution
		SolutionGuid = {678F725C-B47A-4CE6-9B50-BE66E4408788}
	EndGlobalSection
EndGlobal
