
Microsoft Visual Studio Solution File, Format Version 12.00
# Visual Studio Version 17
VisualStudioVersion = 17.8.34330.188
MinimumVisualStudioVersion = 10.0.40219.1
Project("{FAE04EC0-301F-11D3-BF4B-00C04F79EFBC}") = "clase11-dbfirst", "clase11-dbfirst\clase11-dbfirst.csproj", "{44850477-5552-4BD1-8485-1369FB0CD416}"
EndProject
Global
	GlobalSection(SolutionConfigurationPlatforms) = preSolution
		Debug|Any CPU = Debug|Any CPU
		Release|Any CPU = Release|Any CPU
	EndGlobalSection
	GlobalSection(ProjectConfigurationPlatforms) = postSolution
		{44850477-5552-4BD1-8485-1369FB0CD416}.Debug|Any CPU.ActiveCfg = Debug|Any CPU
		{44850477-5552-4BD1-8485-1369FB0CD416}.Debug|Any CPU.Build.0 = Debug|Any CPU
		{44850477-5552-4BD1-8485-1369FB0CD416}.Release|Any CPU.ActiveCfg = Release|Any CPU
		{44850477-5552-4BD1-8485-1369FB0CD416}.Release|Any CPU.Build.0 = Release|Any CPU
	EndGlobalSection
	GlobalSection(SolutionProperties) = preSolution
		HideSolutionNode = FALSE
	EndGlobalSection
	GlobalSection(ExtensibilityGlobals) = postSolution
		SolutionGuid = {6EE7E5EE-4E08-4692-817D-45EC3151A391}
	EndGlobalSection
EndGlobal
